
Microsoft Visual Studio Solution File, Format Version 12.00
# Visual Studio 2013
VisualStudioVersion = 12.0.30501.0
MinimumVisualStudioVersion = 10.0.40219.1
Project("{FAE04EC0-301F-11D3-BF4B-00C04F79EFBC}") = "MakerRanger", "MakerRanger\MakerRanger.csproj", "{FF7DEA12-F4CC-4C84-B7C2-808132D50BAC}"
EndProject
Project("{FAE04EC0-301F-11D3-BF4B-00C04F79EFBC}") = "NeonMika.Webserver", "MicroWebserver\Framework\NeonMika.Webserver\NeonMika.Webserver\NeonMika.Webserver.csproj", "{55E240F2-95F1-4ABE-9EEA-7137F908BD25}"
EndProject
Project("{FAE04EC0-301F-11D3-BF4B-00C04F79EFBC}") = "NeonMika.Util", "MicroWebserver\Framework\NeonMika.Util\NeonMika.Util.csproj", "{A0B9E75A-9052-4140-A86A-9AC82B484F98}"
EndProject
Project("{FAE04EC0-301F-11D3-BF4B-00C04F79EFBC}") = "Mfrc522Lib", "Mfrc522Lib\Mfrc522Lib.csproj", "{86DF1317-443B-4704-8F4E-A12DB23DC66F}"
EndProject
Global
	GlobalSection(SolutionConfigurationPlatforms) = preSolution
		Debug|Any CPU = Debug|Any CPU
		Release|Any CPU = Release|Any CPU
	EndGlobalSection
	GlobalSection(ProjectConfigurationPlatforms) = postSolution
		{FF7DEA12-F4CC-4C84-B7C2-808132D50BAC}.Debug|Any CPU.ActiveCfg = Debug|Any CPU
		{FF7DEA12-F4CC-4C84-B7C2-808132D50BAC}.Debug|Any CPU.Build.0 = Debug|Any CPU
		{FF7DEA12-F4CC-4C84-B7C2-808132D50BAC}.Debug|Any CPU.Deploy.0 = Debug|Any CPU
		{FF7DEA12-F4CC-4C84-B7C2-808132D50BAC}.Release|Any CPU.ActiveCfg = Release|Any CPU
		{FF7DEA12-F4CC-4C84-B7C2-808132D50BAC}.Release|Any CPU.Build.0 = Release|Any CPU
		{FF7DEA12-F4CC-4C84-B7C2-808132D50BAC}.Release|Any CPU.Deploy.0 = Release|Any CPU
		{55E240F2-95F1-4ABE-9EEA-7137F908BD25}.Debug|Any CPU.ActiveCfg = Debug|Any CPU
		{55E240F2-95F1-4ABE-9EEA-7137F908BD25}.Debug|Any CPU.Build.0 = Debug|Any CPU
		{55E240F2-95F1-4ABE-9EEA-7137F908BD25}.Release|Any CPU.ActiveCfg = Release|Any CPU
		{55E240F2-95F1-4ABE-9EEA-7137F908BD25}.Release|Any CPU.Build.0 = Release|Any CPU
		{A0B9E75A-9052-4140-A86A-9AC82B484F98}.Debug|Any CPU.ActiveCfg = Debug|Any CPU
		{A0B9E75A-9052-4140-A86A-9AC82B484F98}.Debug|Any CPU.Build.0 = Debug|Any CPU
		{A0B9E75A-9052-4140-A86A-9AC82B484F98}.Release|Any CPU.ActiveCfg = Release|Any CPU
		{A0B9E75A-9052-4140-A86A-9AC82B484F98}.Release|Any CPU.Build.0 = Release|Any CPU
		{86DF1317-443B-4704-8F4E-A12DB23DC66F}.Debug|Any CPU.ActiveCfg = Debug|Any CPU
		{86DF1317-443B-4704-8F4E-A12DB23DC66F}.Debug|Any CPU.Build.0 = Debug|Any CPU
		{86DF1317-443B-4704-8F4E-A12DB23DC66F}.Release|Any CPU.ActiveCfg = Release|Any CPU
		{86DF1317-443B-4704-8F4E-A12DB23DC66F}.Release|Any CPU.Build.0 = Release|Any CPU
	EndGlobalSection
	GlobalSection(SolutionProperties) = preSolution
		HideSolutionNode = FALSE
	EndGlobalSection
EndGlobal
